
Microsoft Visual Studio Solution File, Format Version 12.00
# Visual Studio 14
VisualStudioVersion = 14.0.25420.1
MinimumVisualStudioVersion = 10.0.40219.1
Project("{FAE04EC0-301F-11D3-BF4B-00C04F79EFBC}") = "Coins.Presentation", "Coins.Presentation\Coins.Presentation.csproj", "{9C1D9957-FD33-4BFC-90E9-036867EED5F8}"
EndProject
Project("{FAE04EC0-301F-11D3-BF4B-00C04F79EFBC}") = "Coins.Models", "Coins.Models\Coins.Models.csproj", "{60260D44-AD3C-4186-8F8D-879045DC59E3}"
EndProject
Project("{FAE04EC0-301F-11D3-BF4B-00C04F79EFBC}") = "Coins.Persistence", "Coins.Persistence\Coins.Persistence.csproj", "{DBAD166E-4E67-4542-8CBC-464AA067ABA0}"
EndProject
Global
	GlobalSection(SolutionConfigurationPlatforms) = preSolution
		Debug|Any CPU = Debug|Any CPU
		Release|Any CPU = Release|Any CPU
	EndGlobalSection
	GlobalSection(ProjectConfigurationPlatforms) = postSolution
		{9C1D9957-FD33-4BFC-90E9-036867EED5F8}.Debug|Any CPU.ActiveCfg = Debug|Any CPU
		{9C1D9957-FD33-4BFC-90E9-036867EED5F8}.Debug|Any CPU.Build.0 = Debug|Any CPU
		{9C1D9957-FD33-4BFC-90E9-036867EED5F8}.Release|Any CPU.ActiveCfg = Release|Any CPU
		{9C1D9957-FD33-4BFC-90E9-036867EED5F8}.Release|Any CPU.Build.0 = Release|Any CPU
		{60260D44-AD3C-4186-8F8D-879045DC59E3}.Debug|Any CPU.ActiveCfg = Debug|Any CPU
		{60260D44-AD3C-4186-8F8D-879045DC59E3}.Debug|Any CPU.Build.0 = Debug|Any CPU
		{60260D44-AD3C-4186-8F8D-879045DC59E3}.Release|Any CPU.ActiveCfg = Release|Any CPU
		{60260D44-AD3C-4186-8F8D-879045DC59E3}.Release|Any CPU.Build.0 = Release|Any CPU
		{DBAD166E-4E67-4542-8CBC-464AA067ABA0}.Debug|Any CPU.ActiveCfg = Debug|Any CPU
		{DBAD166E-4E67-4542-8CBC-464AA067ABA0}.Debug|Any CPU.Build.0 = Debug|Any CPU
		{DBAD166E-4E67-4542-8CBC-464AA067ABA0}.Release|Any CPU.ActiveCfg = Release|Any CPU
		{DBAD166E-4E67-4542-8CBC-464AA067ABA0}.Release|Any CPU.Build.0 = Release|Any CPU
	EndGlobalSection
	GlobalSection(SolutionProperties) = preSolution
		HideSolutionNode = FALSE
	EndGlobalSection
EndGlobal
